
Microsoft Visual Studio Solution File, Format Version 12.00
# Visual Studio 2013
VisualStudioVersion = 12.0.30110.0
MinimumVisualStudioVersion = 10.0.40219.1
Project("{FAE04EC0-301F-11D3-BF4B-00C04F79EFBC}") = "ExpressionTrees", "ExpressionTrees\ExpressionTrees.csproj", "{6F4C479F-A98E-4F15-ADF2-DEAF4AB2C5EF}"
EndProject
Global
	GlobalSection(TeamFoundationVersionControl) = preSolution
		SccNumberOfProjects = 2
		SccEnterpriseProvider = {4CA58AB2-18FA-4F8D-95D4-32DDF27D184C}
		SccTeamFoundationServer = http://tfs:8080/tfs/mes
		SccLocalPath0 = .
		SccProjectUniqueName1 = ExpressionTrees\\ExpressionTrees.csproj
		SccProjectName1 = ExpressionTrees
		SccLocalPath1 = ExpressionTrees
	EndGlobalSection
	GlobalSection(SolutionConfigurationPlatforms) = preSolution
		Debug|Any CPU = Debug|Any CPU
		Release|Any CPU = Release|Any CPU
	EndGlobalSection
	GlobalSection(ProjectConfigurationPlatforms) = postSolution
		{6F4C479F-A98E-4F15-ADF2-DEAF4AB2C5EF}.Debug|Any CPU.ActiveCfg = Debug|Any CPU
		{6F4C479F-A98E-4F15-ADF2-DEAF4AB2C5EF}.Debug|Any CPU.Build.0 = Debug|Any CPU
		{6F4C479F-A98E-4F15-ADF2-DEAF4AB2C5EF}.Release|Any CPU.ActiveCfg = Release|Any CPU
		{6F4C479F-A98E-4F15-ADF2-DEAF4AB2C5EF}.Release|Any CPU.Build.0 = Release|Any CPU
	EndGlobalSection
	GlobalSection(SolutionProperties) = preSolution
		HideSolutionNode = FALSE
	EndGlobalSection
EndGlobal
